// !$*UTF8*$!
{
	archiveVersion = 1;
	classes = {
	};
	objectVersion = 56;
	objects = {

/* Begin PBXBuildFile section */
		33758E662D9EEDAF00F6FB0C /* ToDoListAppApp.swift in Sources */ = {isa = PBXBuildFile; fileRef = 33758E652D9EEDAF00F6FB0C /* ToDoListAppApp.swift */; };
		33758E682D9EEDAF00F6FB0C /* MainView.swift in Sources */ = {isa = PBXBuildFile; fileRef = 33758E672D9EEDAF00F6FB0C /* MainView.swift */; };
		33758E6A2D9EEDB000F6FB0C /* Assets.xcassets in Resources */ = {isa = PBXBuildFile; fileRef = 33758E692D9EEDB000F6FB0C /* Assets.xcassets */; };
		33758E6D2D9EEDB000F6FB0C /* Preview Assets.xcassets in Resources */ = {isa = PBXBuildFile; fileRef = 33758E6C2D9EEDB000F6FB0C /* Preview Assets.xcassets */; };
		33758E772D9EEDB000F6FB0C /* ToDoListAppTests.swift in Sources */ = {isa = PBXBuildFile; fileRef = 33758E762D9EEDB000F6FB0C /* ToDoListAppTests.swift */; };
		33758E812D9EEDB000F6FB0C /* ToDoListAppUITests.swift in Sources */ = {isa = PBXBuildFile; fileRef = 33758E802D9EEDB000F6FB0C /* ToDoListAppUITests.swift */; };
		33758E832D9EEDB000F6FB0C /* ToDoListAppUITestsLaunchTests.swift in Sources */ = {isa = PBXBuildFile; fileRef = 33758E822D9EEDB000F6FB0C /* ToDoListAppUITestsLaunchTests.swift */; };
		33A3147E2DA17EFD0063DE6F /* GoogleService-Info.plist in Resources */ = {isa = PBXBuildFile; fileRef = 33A3147D2DA17EFD0063DE6F /* GoogleService-Info.plist */; };
		33B8D33E2DA08A7A0095D8C6 /* FirebaseAuth in Frameworks */ = {isa = PBXBuildFile; productRef = 33B8D33D2DA08A7A0095D8C6 /* FirebaseAuth */; };
		33B8D3402DA08A7A0095D8C6 /* FirebaseFirestore in Frameworks */ = {isa = PBXBuildFile; productRef = 33B8D33F2DA08A7A0095D8C6 /* FirebaseFirestore */; };
		33F4FE7F2DA186EF00E64976 /* ProfileView.swift in Sources */ = {isa = PBXBuildFile; fileRef = 33F4FE7E2DA186EF00E64976 /* ProfileView.swift */; };
		33F4FE812DA1870E00E64976 /* ToDoListIView.swift in Sources */ = {isa = PBXBuildFile; fileRef = 33F4FE802DA1870E00E64976 /* ToDoListIView.swift */; };
		33F4FE832DA1872900E64976 /* NewItemView.swift in Sources */ = {isa = PBXBuildFile; fileRef = 33F4FE822DA1872900E64976 /* NewItemView.swift */; };
		33F4FE852DA1874600E64976 /* LoginView.swift in Sources */ = {isa = PBXBuildFile; fileRef = 33F4FE842DA1874600E64976 /* LoginView.swift */; };
		33F4FE872DA1875D00E64976 /* RegisterView.swift in Sources */ = {isa = PBXBuildFile; fileRef = 33F4FE862DA1875D00E64976 /* RegisterView.swift */; };
		33F4FE892DA187CC00E64976 /* ToDoListItemView.swift in Sources */ = {isa = PBXBuildFile; fileRef = 33F4FE882DA187CC00E64976 /* ToDoListItemView.swift */; };
		33F4FE8B2DA1881200E64976 /* User.swift in Sources */ = {isa = PBXBuildFile; fileRef = 33F4FE8A2DA1881200E64976 /* User.swift */; };
		33F4FE8D2DA1881E00E64976 /* ToDoListItem.swift in Sources */ = {isa = PBXBuildFile; fileRef = 33F4FE8C2DA1881E00E64976 /* ToDoListItem.swift */; };
		33F4FE8F2DA188DB00E64976 /* MainViewViewModel.swift in Sources */ = {isa = PBXBuildFile; fileRef = 33F4FE8E2DA188DB00E64976 /* MainViewViewModel.swift */; };
		33F4FE912DA188E900E64976 /* ProfileViewViewModel.swift in Sources */ = {isa = PBXBuildFile; fileRef = 33F4FE902DA188E900E64976 /* ProfileViewViewModel.swift */; };
		33F4FE932DA188F800E64976 /* ToDoListViewViewModel.swift in Sources */ = {isa = PBXBuildFile; fileRef = 33F4FE922DA188F800E64976 /* ToDoListViewViewModel.swift */; };
		33F4FE952DA1891700E64976 /* NewItemViewViewModel.swift in Sources */ = {isa = PBXBuildFile; fileRef = 33F4FE942DA1891700E64976 /* NewItemViewViewModel.swift */; };
		33F4FE972DA1892800E64976 /* LoginViewViewModel.swift in Sources */ = {isa = PBXBuildFile; fileRef = 33F4FE962DA1892800E64976 /* LoginViewViewModel.swift */; };
		33F4FE992DA1893C00E64976 /* RegisterViewViewModel.swift in Sources */ = {isa = PBXBuildFile; fileRef = 33F4FE982DA1893C00E64976 /* RegisterViewViewModel.swift */; };
		33F4FE9B2DA1894E00E64976 /* ToDoListItemViewViewModel.swift in Sources */ = {isa = PBXBuildFile; fileRef = 33F4FE9A2DA1894E00E64976 /* ToDoListItemViewViewModel.swift */; };
		33F4FE9D2DA1920700E64976 /* HeaderView.swift in Sources */ = {isa = PBXBuildFile; fileRef = 33F4FE9C2DA1920700E64976 /* HeaderView.swift */; };
/* End PBXBuildFile section */

/* Begin PBXContainerItemProxy section */
		33758E732D9EEDB000F6FB0C /* PBXContainerItemProxy */ = {
			isa = PBXContainerItemProxy;
			containerPortal = 33758E5A2D9EEDAF00F6FB0C /* Project object */;
			proxyType = 1;
			remoteGlobalIDString = 33758E612D9EEDAF00F6FB0C;
			remoteInfo = ToDoListApp;
		};
		33758E7D2D9EEDB000F6FB0C /* PBXContainerItemProxy */ = {
			isa = PBXContainerItemProxy;
			containerPortal = 33758E5A2D9EEDAF00F6FB0C /* Project object */;
			proxyType = 1;
			remoteGlobalIDString = 33758E612D9EEDAF00F6FB0C;
			remoteInfo = ToDoListApp;
		};
/* End PBXContainerItemProxy section */

/* Begin PBXFileReference section */
		33758E622D9EEDAF00F6FB0C /* ToDoListApp.app */ = {isa = PBXFileReference; explicitFileType = wrapper.application; includeInIndex = 0; path = ToDoListApp.app; sourceTree = BUILT_PRODUCTS_DIR; };
		33758E652D9EEDAF00F6FB0C /* ToDoListAppApp.swift */ = {isa = PBXFileReference; lastKnownFileType = sourcecode.swift; path = ToDoListAppApp.swift; sourceTree = "<group>"; };
		33758E672D9EEDAF00F6FB0C /* MainView.swift */ = {isa = PBXFileReference; lastKnownFileType = sourcecode.swift; path = MainView.swift; sourceTree = "<group>"; };
		33758E692D9EEDB000F6FB0C /* Assets.xcassets */ = {isa = PBXFileReference; lastKnownFileType = folder.assetcatalog; path = Assets.xcassets; sourceTree = "<group>"; };
		33758E6C2D9EEDB000F6FB0C /* Preview Assets.xcassets */ = {isa = PBXFileReference; lastKnownFileType = folder.assetcatalog; path = "Preview Assets.xcassets"; sourceTree = "<group>"; };
		33758E722D9EEDB000F6FB0C /* ToDoListAppTests.xctest */ = {isa = PBXFileReference; explicitFileType = wrapper.cfbundle; includeInIndex = 0; path = ToDoListAppTests.xctest; sourceTree = BUILT_PRODUCTS_DIR; };
		33758E762D9EEDB000F6FB0C /* ToDoListAppTests.swift */ = {isa = PBXFileReference; lastKnownFileType = sourcecode.swift; path = ToDoListAppTests.swift; sourceTree = "<group>"; };
		33758E7C2D9EEDB000F6FB0C /* ToDoListAppUITests.xctest */ = {isa = PBXFileReference; explicitFileType = wrapper.cfbundle; includeInIndex = 0; path = ToDoListAppUITests.xctest; sourceTree = BUILT_PRODUCTS_DIR; };
		33758E802D9EEDB000F6FB0C /* ToDoListAppUITests.swift */ = {isa = PBXFileReference; lastKnownFileType = sourcecode.swift; path = ToDoListAppUITests.swift; sourceTree = "<group>"; };
		33758E822D9EEDB000F6FB0C /* ToDoListAppUITestsLaunchTests.swift */ = {isa = PBXFileReference; lastKnownFileType = sourcecode.swift; path = ToDoListAppUITestsLaunchTests.swift; sourceTree = "<group>"; };
		33A3147D2DA17EFD0063DE6F /* GoogleService-Info.plist */ = {isa = PBXFileReference; fileEncoding = 4; lastKnownFileType = text.plist.xml; name = "GoogleService-Info.plist"; path = "../../../.Trash/GoogleService-Info.plist"; sourceTree = "<group>"; };
		33F4FE7E2DA186EF00E64976 /* ProfileView.swift */ = {isa = PBXFileReference; lastKnownFileType = sourcecode.swift; path = ProfileView.swift; sourceTree = "<group>"; };
		33F4FE802DA1870E00E64976 /* ToDoListIView.swift */ = {isa = PBXFileReference; lastKnownFileType = sourcecode.swift; path = ToDoListIView.swift; sourceTree = "<group>"; };
		33F4FE822DA1872900E64976 /* NewItemView.swift */ = {isa = PBXFileReference; lastKnownFileType = sourcecode.swift; path = NewItemView.swift; sourceTree = "<group>"; };
		33F4FE842DA1874600E64976 /* LoginView.swift */ = {isa = PBXFileReference; lastKnownFileType = sourcecode.swift; path = LoginView.swift; sourceTree = "<group>"; };
		33F4FE862DA1875D00E64976 /* RegisterView.swift */ = {isa = PBXFileReference; lastKnownFileType = sourcecode.swift; path = RegisterView.swift; sourceTree = "<group>"; };
		33F4FE882DA187CC00E64976 /* ToDoListItemView.swift */ = {isa = PBXFileReference; lastKnownFileType = sourcecode.swift; path = ToDoListItemView.swift; sourceTree = "<group>"; };
		33F4FE8A2DA1881200E64976 /* User.swift */ = {isa = PBXFileReference; lastKnownFileType = sourcecode.swift; path = User.swift; sourceTree = "<group>"; };
		33F4FE8C2DA1881E00E64976 /* ToDoListItem.swift */ = {isa = PBXFileReference; lastKnownFileType = sourcecode.swift; path = ToDoListItem.swift; sourceTree = "<group>"; };
		33F4FE8E2DA188DB00E64976 /* MainViewViewModel.swift */ = {isa = PBXFileReference; lastKnownFileType = sourcecode.swift; path = MainViewViewModel.swift; sourceTree = "<group>"; };
		33F4FE902DA188E900E64976 /* ProfileViewViewModel.swift */ = {isa = PBXFileReference; lastKnownFileType = sourcecode.swift; path = ProfileViewViewModel.swift; sourceTree = "<group>"; };
		33F4FE922DA188F800E64976 /* ToDoListViewViewModel.swift */ = {isa = PBXFileReference; lastKnownFileType = sourcecode.swift; path = ToDoListViewViewModel.swift; sourceTree = "<group>"; };
		33F4FE942DA1891700E64976 /* NewItemViewViewModel.swift */ = {isa = PBXFileReference; lastKnownFileType = sourcecode.swift; path = NewItemViewViewModel.swift; sourceTree = "<group>"; };
		33F4FE962DA1892800E64976 /* LoginViewViewModel.swift */ = {isa = PBXFileReference; lastKnownFileType = sourcecode.swift; path = LoginViewViewModel.swift; sourceTree = "<group>"; };
		33F4FE982DA1893C00E64976 /* RegisterViewViewModel.swift */ = {isa = PBXFileReference; lastKnownFileType = sourcecode.swift; path = RegisterViewViewModel.swift; sourceTree = "<group>"; };
		33F4FE9A2DA1894E00E64976 /* ToDoListItemViewViewModel.swift */ = {isa = PBXFileReference; lastKnownFileType = sourcecode.swift; path = ToDoListItemViewViewModel.swift; sourceTree = "<group>"; };
		33F4FE9C2DA1920700E64976 /* HeaderView.swift */ = {isa = PBXFileReference; lastKnownFileType = sourcecode.swift; path = HeaderView.swift; sourceTree = "<group>"; };
/* End PBXFileReference section */

/* Begin PBXFrameworksBuildPhase section */
		33758E5F2D9EEDAF00F6FB0C /* Frameworks */ = {
			isa = PBXFrameworksBuildPhase;
			buildActionMask = 2147483647;
			files = (
				33B8D33E2DA08A7A0095D8C6 /* FirebaseAuth in Frameworks */,
				33B8D3402DA08A7A0095D8C6 /* FirebaseFirestore in Frameworks */,
			);
			runOnlyForDeploymentPostprocessing = 0;
		};
		33758E6F2D9EEDB000F6FB0C /* Frameworks */ = {
			isa = PBXFrameworksBuildPhase;
			buildActionMask = 2147483647;
			files = (
			);
			runOnlyForDeploymentPostprocessing = 0;
		};
		33758E792D9EEDB000F6FB0C /* Frameworks */ = {
			isa = PBXFrameworksBuildPhase;
			buildActionMask = 2147483647;
			files = (
			);
			runOnlyForDeploymentPostprocessing = 0;
		};
/* End PBXFrameworksBuildPhase section */

/* Begin PBXGroup section */
		33758E592D9EEDAF00F6FB0C = {
			isa = PBXGroup;
			children = (
				33758E642D9EEDAF00F6FB0C /* ToDoListApp */,
				33758E752D9EEDB000F6FB0C /* ToDoListAppTests */,
				33758E7F2D9EEDB000F6FB0C /* ToDoListAppUITests */,
				33758E632D9EEDAF00F6FB0C /* Products */,
			);
			sourceTree = "<group>";
		};
		33758E632D9EEDAF00F6FB0C /* Products */ = {
			isa = PBXGroup;
			children = (
				33758E622D9EEDAF00F6FB0C /* ToDoListApp.app */,
				33758E722D9EEDB000F6FB0C /* ToDoListAppTests.xctest */,
				33758E7C2D9EEDB000F6FB0C /* ToDoListAppUITests.xctest */,
			);
			name = Products;
			sourceTree = "<group>";
		};
		33758E642D9EEDAF00F6FB0C /* ToDoListApp */ = {
			isa = PBXGroup;
			children = (
				33A314782DA17CF90063DE6F /* Other */,
				33A314772DA17CF00063DE6F /* Models */,
				33A314762DA17CE00063DE6F /* ViewModels */,
				33A314752DA17CC90063DE6F /* Views */,
				33758E6B2D9EEDB000F6FB0C /* Preview Content */,
			);
			path = ToDoListApp;
			sourceTree = "<group>";
		};
		33758E6B2D9EEDB000F6FB0C /* Preview Content */ = {
			isa = PBXGroup;
			children = (
				33758E6C2D9EEDB000F6FB0C /* Preview Assets.xcassets */,
			);
			path = "Preview Content";
			sourceTree = "<group>";
		};
		33758E752D9EEDB000F6FB0C /* ToDoListAppTests */ = {
			isa = PBXGroup;
			children = (
				33758E762D9EEDB000F6FB0C /* ToDoListAppTests.swift */,
			);
			path = ToDoListAppTests;
			sourceTree = "<group>";
		};
		33758E7F2D9EEDB000F6FB0C /* ToDoListAppUITests */ = {
			isa = PBXGroup;
			children = (
				33758E802D9EEDB000F6FB0C /* ToDoListAppUITests.swift */,
				33758E822D9EEDB000F6FB0C /* ToDoListAppUITestsLaunchTests.swift */,
			);
			path = ToDoListAppUITests;
			sourceTree = "<group>";
		};
		33A314752DA17CC90063DE6F /* Views */ = {
			isa = PBXGroup;
			children = (
				33758E672D9EEDAF00F6FB0C /* MainView.swift */,
				33F4FE7E2DA186EF00E64976 /* ProfileView.swift */,
				33F4FE802DA1870E00E64976 /* ToDoListIView.swift */,
				33F4FE822DA1872900E64976 /* NewItemView.swift */,
				33F4FE842DA1874600E64976 /* LoginView.swift */,
				33F4FE862DA1875D00E64976 /* RegisterView.swift */,
				33F4FE882DA187CC00E64976 /* ToDoListItemView.swift */,
				33F4FE9C2DA1920700E64976 /* HeaderView.swift */,
			);
			path = Views;
			sourceTree = "<group>";
		};
		33A314762DA17CE00063DE6F /* ViewModels */ = {
			isa = PBXGroup;
			children = (
				33F4FE8E2DA188DB00E64976 /* MainViewViewModel.swift */,
				33F4FE902DA188E900E64976 /* ProfileViewViewModel.swift */,
				33F4FE922DA188F800E64976 /* ToDoListViewViewModel.swift */,
				33F4FE942DA1891700E64976 /* NewItemViewViewModel.swift */,
				33F4FE962DA1892800E64976 /* LoginViewViewModel.swift */,
				33F4FE982DA1893C00E64976 /* RegisterViewViewModel.swift */,
				33F4FE9A2DA1894E00E64976 /* ToDoListItemViewViewModel.swift */,
			);
			path = ViewModels;
			sourceTree = "<group>";
		};
		33A314772DA17CF00063DE6F /* Models */ = {
			isa = PBXGroup;
			children = (
				33F4FE8A2DA1881200E64976 /* User.swift */,
				33F4FE8C2DA1881E00E64976 /* ToDoListItem.swift */,
			);
			path = Models;
			sourceTree = "<group>";
		};
		33A314782DA17CF90063DE6F /* Other */ = {
			isa = PBXGroup;
			children = (
				33A3147D2DA17EFD0063DE6F /* GoogleService-Info.plist */,
				33758E692D9EEDB000F6FB0C /* Assets.xcassets */,
				33758E652D9EEDAF00F6FB0C /* ToDoListAppApp.swift */,
			);
			path = Other;
			sourceTree = "<group>";
		};
/* End PBXGroup section */

/* Begin PBXNativeTarget section */
		33758E612D9EEDAF00F6FB0C /* ToDoListApp */ = {
			isa = PBXNativeTarget;
			buildConfigurationList = 33758E862D9EEDB000F6FB0C /* Build configuration list for PBXNativeTarget "ToDoListApp" */;
			buildPhases = (
				33758E5E2D9EEDAF00F6FB0C /* Sources */,
				33758E5F2D9EEDAF00F6FB0C /* Frameworks */,
				33758E602D9EEDAF00F6FB0C /* Resources */,
			);
			buildRules = (
			);
			dependencies = (
			);
			name = ToDoListApp;
			packageProductDependencies = (
				33B8D33D2DA08A7A0095D8C6 /* FirebaseAuth */,
				33B8D33F2DA08A7A0095D8C6 /* FirebaseFirestore */,
			);
			productName = ToDoListApp;
			productReference = 33758E622D9EEDAF00F6FB0C /* ToDoListApp.app */;
			productType = "com.apple.product-type.application";
		};
		33758E712D9EEDB000F6FB0C /* ToDoListAppTests */ = {
			isa = PBXNativeTarget;
			buildConfigurationList = 33758E892D9EEDB000F6FB0C /* Build configuration list for PBXNativeTarget "ToDoListAppTests" */;
			buildPhases = (
				33758E6E2D9EEDB000F6FB0C /* Sources */,
				33758E6F2D9EEDB000F6FB0C /* Frameworks */,
				33758E702D9EEDB000F6FB0C /* Resources */,
			);
			buildRules = (
			);
			dependencies = (
				33758E742D9EEDB000F6FB0C /* PBXTargetDependency */,
			);
			name = ToDoListAppTests;
			productName = ToDoListAppTests;
			productReference = 33758E722D9EEDB000F6FB0C /* ToDoListAppTests.xctest */;
			productType = "com.apple.product-type.bundle.unit-test";
		};
		33758E7B2D9EEDB000F6FB0C /* ToDoListAppUITests */ = {
			isa = PBXNativeTarget;
			buildConfigurationList = 33758E8C2D9EEDB000F6FB0C /* Build configuration list for PBXNativeTarget "ToDoListAppUITests" */;
			buildPhases = (
				33758E782D9EEDB000F6FB0C /* Sources */,
				33758E792D9EEDB000F6FB0C /* Frameworks */,
				33758E7A2D9EEDB000F6FB0C /* Resources */,
			);
			buildRules = (
			);
			dependencies = (
				33758E7E2D9EEDB000F6FB0C /* PBXTargetDependency */,
			);
			name = ToDoListAppUITests;
			productName = ToDoListAppUITests;
			productReference = 33758E7C2D9EEDB000F6FB0C /* ToDoListAppUITests.xctest */;
			productType = "com.apple.product-type.bundle.ui-testing";
		};
/* End PBXNativeTarget section */

/* Begin PBXProject section */
		33758E5A2D9EEDAF00F6FB0C /* Project object */ = {
			isa = PBXProject;
			attributes = {
				BuildIndependentTargetsInParallel = 1;
				LastSwiftUpdateCheck = 1540;
				LastUpgradeCheck = 1540;
				TargetAttributes = {
					33758E612D9EEDAF00F6FB0C = {
						CreatedOnToolsVersion = 15.4;
					};
					33758E712D9EEDB000F6FB0C = {
						CreatedOnToolsVersion = 15.4;
						TestTargetID = 33758E612D9EEDAF00F6FB0C;
					};
					33758E7B2D9EEDB000F6FB0C = {
						CreatedOnToolsVersion = 15.4;
						TestTargetID = 33758E612D9EEDAF00F6FB0C;
					};
				};
			};
			buildConfigurationList = 33758E5D2D9EEDAF00F6FB0C /* Build configuration list for PBXProject "ToDoListApp" */;
			compatibilityVersion = "Xcode 14.0";
			developmentRegion = en;
			hasScannedForEncodings = 0;
			knownRegions = (
				en,
				Base,
			);
			mainGroup = 33758E592D9EEDAF00F6FB0C;
			packageReferences = (
				33B8D33C2DA08A7A0095D8C6 /* XCRemoteSwiftPackageReference "firebase-ios-sdk" */,
			);
			productRefGroup = 33758E632D9EEDAF00F6FB0C /* Products */;
			projectDirPath = "";
			projectRoot = "";
			targets = (
				33758E612D9EEDAF00F6FB0C /* ToDoListApp */,
				33758E712D9EEDB000F6FB0C /* ToDoListAppTests */,
				33758E7B2D9EEDB000F6FB0C /* ToDoListAppUITests */,
			);
		};
/* End PBXProject section */

/* Begin PBXResourcesBuildPhase section */
		33758E602D9EEDAF00F6FB0C /* Resources */ = {
			isa = PBXResourcesBuildPhase;
			buildActionMask = 2147483647;
			files = (
				33758E6D2D9EEDB000F6FB0C /* Preview Assets.xcassets in Resources */,
				33758E6A2D9EEDB000F6FB0C /* Assets.xcassets in Resources */,
				33A3147E2DA17EFD0063DE6F /* GoogleService-Info.plist in Resources */,
			);
			runOnlyForDeploymentPostprocessing = 0;
		};
		33758E702D9EEDB000F6FB0C /* Resources */ = {
			isa = PBXResourcesBuildPhase;
			buildActionMask = 2147483647;
			files = (
			);
			runOnlyForDeploymentPostprocessing = 0;
		};
		33758E7A2D9EEDB000F6FB0C /* Resources */ = {
			isa = PBXResourcesBuildPhase;
			buildActionMask = 2147483647;
			files = (
			);
			runOnlyForDeploymentPostprocessing = 0;
		};
/* End PBXResourcesBuildPhase section */

/* Begin PBXSourcesBuildPhase section */
		33758E5E2D9EEDAF00F6FB0C /* Sources */ = {
			isa = PBXSourcesBuildPhase;
			buildActionMask = 2147483647;
			files = (
				33F4FE852DA1874600E64976 /* LoginView.swift in Sources */,
				33F4FE9D2DA1920700E64976 /* HeaderView.swift in Sources */,
				33758E682D9EEDAF00F6FB0C /* MainView.swift in Sources */,
				33F4FE992DA1893C00E64976 /* RegisterViewViewModel.swift in Sources */,
				33F4FE8F2DA188DB00E64976 /* MainViewViewModel.swift in Sources */,
				33F4FE812DA1870E00E64976 /* ToDoListIView.swift in Sources */,
				33F4FE872DA1875D00E64976 /* RegisterView.swift in Sources */,
				33F4FE912DA188E900E64976 /* ProfileViewViewModel.swift in Sources */,
				33F4FE7F2DA186EF00E64976 /* ProfileView.swift in Sources */,
				33F4FE8B2DA1881200E64976 /* User.swift in Sources */,
				33F4FE892DA187CC00E64976 /* ToDoListItemView.swift in Sources */,
				33F4FE932DA188F800E64976 /* ToDoListViewViewModel.swift in Sources */,
				33F4FE972DA1892800E64976 /* LoginViewViewModel.swift in Sources */,
				33758E662D9EEDAF00F6FB0C /* ToDoListAppApp.swift in Sources */,
				33F4FE8D2DA1881E00E64976 /* ToDoListItem.swift in Sources */,
				33F4FE832DA1872900E64976 /* NewItemView.swift in Sources */,
				33F4FE952DA1891700E64976 /* NewItemViewViewModel.swift in Sources */,
				33F4FE9B2DA1894E00E64976 /* ToDoListItemViewViewModel.swift in Sources */,
			);
			runOnlyForDeploymentPostprocessing = 0;
		};
		33758E6E2D9EEDB000F6FB0C /* Sources */ = {
			isa = PBXSourcesBuildPhase;
			buildActionMask = 2147483647;
			files = (
				33758E772D9EEDB000F6FB0C /* ToDoListAppTests.swift in Sources */,
			);
			runOnlyForDeploymentPostprocessing = 0;
		};
		33758E782D9EEDB000F6FB0C /* Sources */ = {
			isa = PBXSourcesBuildPhase;
			buildActionMask = 2147483647;
			files = (
				33758E832D9EEDB000F6FB0C /* ToDoListAppUITestsLaunchTests.swift in Sources */,
				33758E812D9EEDB000F6FB0C /* ToDoListAppUITests.swift in Sources */,
			);
			runOnlyForDeploymentPostprocessing = 0;
		};
/* End PBXSourcesBuildPhase section */

/* Begin PBXTargetDependency section */
		33758E742D9EEDB000F6FB0C /* PBXTargetDependency */ = {
			isa = PBXTargetDependency;
			target = 33758E612D9EEDAF00F6FB0C /* ToDoListApp */;
			targetProxy = 33758E732D9EEDB000F6FB0C /* PBXContainerItemProxy */;
		};
		33758E7E2D9EEDB000F6FB0C /* PBXTargetDependency */ = {
			isa = PBXTargetDependency;
			target = 33758E612D9EEDAF00F6FB0C /* ToDoListApp */;
			targetProxy = 33758E7D2D9EEDB000F6FB0C /* PBXContainerItemProxy */;
		};
/* End PBXTargetDependency section */

/* Begin XCBuildConfiguration section */
		33758E842D9EEDB000F6FB0C /* Debug */ = {
			isa = XCBuildConfiguration;
			buildSettings = {
				ALWAYS_SEARCH_USER_PATHS = NO;
				ASSETCATALOG_COMPILER_GENERATE_SWIFT_ASSET_SYMBOL_EXTENSIONS = YES;
				CLANG_ANALYZER_NONNULL = YES;
				CLANG_ANALYZER_NUMBER_OBJECT_CONVERSION = YES_AGGRESSIVE;
				CLANG_CXX_LANGUAGE_STANDARD = "gnu++20";
				CLANG_ENABLE_MODULES = YES;
				CLANG_ENABLE_OBJC_ARC = YES;
				CLANG_ENABLE_OBJC_WEAK = YES;
				CLANG_WARN_BLOCK_CAPTURE_AUTORELEASING = YES;
				CLANG_WARN_BOOL_CONVERSION = YES;
				CLANG_WARN_COMMA = YES;
				CLANG_WARN_CONSTANT_CONVERSION = YES;
				CLANG_WARN_DEPRECATED_OBJC_IMPLEMENTATIONS = YES;
				CLANG_WARN_DIRECT_OBJC_ISA_USAGE = YES_ERROR;
				CLANG_WARN_DOCUMENTATION_COMMENTS = YES;
				CLANG_WARN_EMPTY_BODY = YES;
				CLANG_WARN_ENUM_CONVERSION = YES;
				CLANG_WARN_INFINITE_RECURSION = YES;
				CLANG_WARN_INT_CONVERSION = YES;
				CLANG_WARN_NON_LITERAL_NULL_CONVERSION = YES;
				CLANG_WARN_OBJC_IMPLICIT_RETAIN_SELF = YES;
				CLANG_WARN_OBJC_LITERAL_CONVERSION = YES;
				CLANG_WARN_OBJC_ROOT_CLASS = YES_ERROR;
				CLANG_WARN_QUOTED_INCLUDE_IN_FRAMEWORK_HEADER = YES;
				CLANG_WARN_RANGE_LOOP_ANALYSIS = YES;
				CLANG_WARN_STRICT_PROTOTYPES = YES;
				CLANG_WARN_SUSPICIOUS_MOVE = YES;
				CLANG_WARN_UNGUARDED_AVAILABILITY = YES_AGGRESSIVE;
				CLANG_WARN_UNREACHABLE_CODE = YES;
				CLANG_WARN__DUPLICATE_METHOD_MATCH = YES;
				COPY_PHASE_STRIP = NO;
				DEBUG_INFORMATION_FORMAT = dwarf;
				ENABLE_STRICT_OBJC_MSGSEND = YES;
				ENABLE_TESTABILITY = YES;
				ENABLE_USER_SCRIPT_SANDBOXING = YES;
				GCC_C_LANGUAGE_STANDARD = gnu17;
				GCC_DYNAMIC_NO_PIC = NO;
				GCC_NO_COMMON_BLOCKS = YES;
				GCC_OPTIMIZATION_LEVEL = 0;
				GCC_PREPROCESSOR_DEFINITIONS = (
					"DEBUG=1",
					"$(inherited)",
				);
				GCC_WARN_64_TO_32_BIT_CONVERSION = YES;
				GCC_WARN_ABOUT_RETURN_TYPE = YES_ERROR;
				GCC_WARN_UNDECLARED_SELECTOR = YES;
				GCC_WARN_UNINITIALIZED_AUTOS = YES_AGGRESSIVE;
				GCC_WARN_UNUSED_FUNCTION = YES;
				GCC_WARN_UNUSED_VARIABLE = YES;
				IPHONEOS_DEPLOYMENT_TARGET = 17.5;
				LOCALIZATION_PREFERS_STRING_CATALOGS = YES;
				MTL_ENABLE_DEBUG_INFO = INCLUDE_SOURCE;
				MTL_FAST_MATH = YES;
				ONLY_ACTIVE_ARCH = YES;
				SDKROOT = iphoneos;
				SWIFT_ACTIVE_COMPILATION_CONDITIONS = "DEBUG $(inherited)";
				SWIFT_OPTIMIZATION_LEVEL = "-Onone";
			};
			name = Debug;
		};
		33758E852D9EEDB000F6FB0C /* Release */ = {
			isa = XCBuildConfiguration;
			buildSettings = {
				ALWAYS_SEARCH_USER_PATHS = NO;
				ASSETCATALOG_COMPILER_GENERATE_SWIFT_ASSET_SYMBOL_EXTENSIONS = YES;
				CLANG_ANALYZER_NONNULL = YES;
				CLANG_ANALYZER_NUMBER_OBJECT_CONVERSION = YES_AGGRESSIVE;
				CLANG_CXX_LANGUAGE_STANDARD = "gnu++20";
				CLANG_ENABLE_MODULES = YES;
				CLANG_ENABLE_OBJC_ARC = YES;
				CLANG_ENABLE_OBJC_WEAK = YES;
				CLANG_WARN_BLOCK_CAPTURE_AUTORELEASING = YES;
				CLANG_WARN_BOOL_CONVERSION = YES;
				CLANG_WARN_COMMA = YES;
				CLANG_WARN_CONSTANT_CONVERSION = YES;
				CLANG_WARN_DEPRECATED_OBJC_IMPLEMENTATIONS = YES;
				CLANG_WARN_DIRECT_OBJC_ISA_USAGE = YES_ERROR;
				CLANG_WARN_DOCUMENTATION_COMMENTS = YES;
				CLANG_WARN_EMPTY_BODY = YES;
				CLANG_WARN_ENUM_CONVERSION = YES;
				CLANG_WARN_INFINITE_RECURSION = YES;
				CLANG_WARN_INT_CONVERSION = YES;
				CLANG_WARN_NON_LITERAL_NULL_CONVERSION = YES;
				CLANG_WARN_OBJC_IMPLICIT_RETAIN_SELF = YES;
				CLANG_WARN_OBJC_LITERAL_CONVERSION = YES;
				CLANG_WARN_OBJC_ROOT_CLASS = YES_ERROR;
				CLANG_WARN_QUOTED_INCLUDE_IN_FRAMEWORK_HEADER = YES;
				CLANG_WARN_RANGE_LOOP_ANALYSIS = YES;
				CLANG_WARN_STRICT_PROTOTYPES = YES;
				CLANG_WARN_SUSPICIOUS_MOVE = YES;
				CLANG_WARN_UNGUARDED_AVAILABILITY = YES_AGGRESSIVE;
				CLANG_WARN_UNREACHABLE_CODE = YES;
				CLANG_WARN__DUPLICATE_METHOD_MATCH = YES;
				COPY_PHASE_STRIP = NO;
				DEBUG_INFORMATION_FORMAT = "dwarf-with-dsym";
				ENABLE_NS_ASSERTIONS = NO;
				ENABLE_STRICT_OBJC_MSGSEND = YES;
				ENABLE_USER_SCRIPT_SANDBOXING = YES;
				GCC_C_LANGUAGE_STANDARD = gnu17;
				GCC_NO_COMMON_BLOCKS = YES;
				GCC_WARN_64_TO_32_BIT_CONVERSION = YES;
				GCC_WARN_ABOUT_RETURN_TYPE = YES_ERROR;
				GCC_WARN_UNDECLARED_SELECTOR = YES;
				GCC_WARN_UNINITIALIZED_AUTOS = YES_AGGRESSIVE;
				GCC_WARN_UNUSED_FUNCTION = YES;
				GCC_WARN_UNUSED_VARIABLE = YES;
				IPHONEOS_DEPLOYMENT_TARGET = 17.5;
				LOCALIZATION_PREFERS_STRING_CATALOGS = YES;
				MTL_ENABLE_DEBUG_INFO = NO;
				MTL_FAST_MATH = YES;
				SDKROOT = iphoneos;
				SWIFT_COMPILATION_MODE = wholemodule;
				VALIDATE_PRODUCT = YES;
			};
			name = Release;
		};
		33758E872D9EEDB000F6FB0C /* Debug */ = {
			isa = XCBuildConfiguration;
			buildSettings = {
				ASSETCATALOG_COMPILER_APPICON_NAME = AppIcon;
				ASSETCATALOG_COMPILER_GLOBAL_ACCENT_COLOR_NAME = AccentColor;
				CODE_SIGN_STYLE = Automatic;
				CURRENT_PROJECT_VERSION = 1;
				DEVELOPMENT_ASSET_PATHS = "\"ToDoListApp/Preview Content\"";
				ENABLE_PREVIEWS = YES;
				GENERATE_INFOPLIST_FILE = YES;
				INFOPLIST_KEY_UIApplicationSceneManifest_Generation = YES;
				INFOPLIST_KEY_UIApplicationSupportsIndirectInputEvents = YES;
				INFOPLIST_KEY_UILaunchScreen_Generation = YES;
				INFOPLIST_KEY_UISupportedInterfaceOrientations = UIInterfaceOrientationPortrait;
				LD_RUNPATH_SEARCH_PATHS = (
					"$(inherited)",
					"@executable_path/Frameworks",
				);
				MARKETING_VERSION = 1.0;
				PRODUCT_BUNDLE_IDENTIFIER = olyaCompany.ToDoListApp;
				PRODUCT_NAME = "$(TARGET_NAME)";
				SWIFT_EMIT_LOC_STRINGS = YES;
				SWIFT_VERSION = 5.0;
				TARGETED_DEVICE_FAMILY = "1,2";
			};
			name = Debug;
		};
		33758E882D9EEDB000F6FB0C /* Release */ = {
			isa = XCBuildConfiguration;
			buildSettings = {
				ASSETCATALOG_COMPILER_APPICON_NAME = AppIcon;
				ASSETCATALOG_COMPILER_GLOBAL_ACCENT_COLOR_NAME = AccentColor;
				CODE_SIGN_STYLE = Automatic;
				CURRENT_PROJECT_VERSION = 1;
				DEVELOPMENT_ASSET_PATHS = "\"ToDoListApp/Preview Content\"";
				ENABLE_PREVIEWS = YES;
				GENERATE_INFOPLIST_FILE = YES;
				INFOPLIST_KEY_UIApplicationSceneManifest_Generation = YES;
				INFOPLIST_KEY_UIApplicationSupportsIndirectInputEvents = YES;
				INFOPLIST_KEY_UILaunchScreen_Generation = YES;
				INFOPLIST_KEY_UISupportedInterfaceOrientations = UIInterfaceOrientationPortrait;
				LD_RUNPATH_SEARCH_PATHS = (
					"$(inherited)",
					"@executable_path/Frameworks",
				);
				MARKETING_VERSION = 1.0;
				PRODUCT_BUNDLE_IDENTIFIER = olyaCompany.ToDoListApp;
				PRODUCT_NAME = "$(TARGET_NAME)";
				SWIFT_EMIT_LOC_STRINGS = YES;
				SWIFT_VERSION = 5.0;
				TARGETED_DEVICE_FAMILY = "1,2";
			};
			name = Release;
		};
		33758E8A2D9EEDB000F6FB0C /* Debug */ = {
			isa = XCBuildConfiguration;
			buildSettings = {
				ALWAYS_EMBED_SWIFT_STANDARD_LIBRARIES = YES;
				BUNDLE_LOADER = "$(TEST_HOST)";
				CODE_SIGN_STYLE = Automatic;
				CURRENT_PROJECT_VERSION = 1;
				GENERATE_INFOPLIST_FILE = YES;
				IPHONEOS_DEPLOYMENT_TARGET = 17.5;
				MARKETING_VERSION = 1.0;
				PRODUCT_BUNDLE_IDENTIFIER = olyaCompany.ToDoListAppTests;
				PRODUCT_NAME = "$(TARGET_NAME)";
				SWIFT_EMIT_LOC_STRINGS = NO;
				SWIFT_VERSION = 5.0;
				TARGETED_DEVICE_FAMILY = "1,2";
				TEST_HOST = "$(BUILT_PRODUCTS_DIR)/ToDoListApp.app/$(BUNDLE_EXECUTABLE_FOLDER_PATH)/ToDoListApp";
			};
			name = Debug;
		};
		33758E8B2D9EEDB000F6FB0C /* Release */ = {
			isa = XCBuildConfiguration;
			buildSettings = {
				ALWAYS_EMBED_SWIFT_STANDARD_LIBRARIES = YES;
				BUNDLE_LOADER = "$(TEST_HOST)";
				CODE_SIGN_STYLE = Automatic;
				CURRENT_PROJECT_VERSION = 1;
				GENERATE_INFOPLIST_FILE = YES;
				IPHONEOS_DEPLOYMENT_TARGET = 17.5;
				MARKETING_VERSION = 1.0;
				PRODUCT_BUNDLE_IDENTIFIER = olyaCompany.ToDoListAppTests;
				PRODUCT_NAME = "$(TARGET_NAME)";
				SWIFT_EMIT_LOC_STRINGS = NO;
				SWIFT_VERSION = 5.0;
				TARGETED_DEVICE_FAMILY = "1,2";
				TEST_HOST = "$(BUILT_PRODUCTS_DIR)/ToDoListApp.app/$(BUNDLE_EXECUTABLE_FOLDER_PATH)/ToDoListApp";
			};
			name = Release;
		};
		33758E8D2D9EEDB000F6FB0C /* Debug */ = {
			isa = XCBuildConfiguration;
			buildSettings = {
				ALWAYS_EMBED_SWIFT_STANDARD_LIBRARIES = YES;
				CODE_SIGN_STYLE = Automatic;
				CURRENT_PROJECT_VERSION = 1;
				GENERATE_INFOPLIST_FILE = YES;
				MARKETING_VERSION = 1.0;
				PRODUCT_BUNDLE_IDENTIFIER = olyaCompany.ToDoListAppUITests;
				PRODUCT_NAME = "$(TARGET_NAME)";
				SWIFT_EMIT_LOC_STRINGS = NO;
				SWIFT_VERSION = 5.0;
				TARGETED_DEVICE_FAMILY = "1,2";
				TEST_TARGET_NAME = ToDoListApp;
			};
			name = Debug;
		};
		33758E8E2D9EEDB000F6FB0C /* Release */ = {
			isa = XCBuildConfiguration;
			buildSettings = {
				ALWAYS_EMBED_SWIFT_STANDARD_LIBRARIES = YES;
				CODE_SIGN_STYLE = Automatic;
				CURRENT_PROJECT_VERSION = 1;
				GENERATE_INFOPLIST_FILE = YES;
				MARKETING_VERSION = 1.0;
				PRODUCT_BUNDLE_IDENTIFIER = olyaCompany.ToDoListAppUITests;
				PRODUCT_NAME = "$(TARGET_NAME)";
				SWIFT_EMIT_LOC_STRINGS = NO;
				SWIFT_VERSION = 5.0;
				TARGETED_DEVICE_FAMILY = "1,2";
				TEST_TARGET_NAME = ToDoListApp;
			};
			name = Release;
		};
/* End XCBuildConfiguration section */

/* Begin XCConfigurationList section */
		33758E5D2D9EEDAF00F6FB0C /* Build configuration list for PBXProject "ToDoListApp" */ = {
			isa = XCConfigurationList;
			buildConfigurations = (
				33758E842D9EEDB000F6FB0C /* Debug */,
				33758E852D9EEDB000F6FB0C /* Release */,
			);
			defaultConfigurationIsVisible = 0;
			defaultConfigurationName = Release;
		};
		33758E862D9EEDB000F6FB0C /* Build configuration list for PBXNativeTarget "ToDoListApp" */ = {
			isa = XCConfigurationList;
			buildConfigurations = (
				33758E872D9EEDB000F6FB0C /* Debug */,
				33758E882D9EEDB000F6FB0C /* Release */,
			);
			defaultConfigurationIsVisible = 0;
			defaultConfigurationName = Release;
		};
		33758E892D9EEDB000F6FB0C /* Build configuration list for PBXNativeTarget "ToDoListAppTests" */ = {
			isa = XCConfigurationList;
			buildConfigurations = (
				33758E8A2D9EEDB000F6FB0C /* Debug */,
				33758E8B2D9EEDB000F6FB0C /* Release */,
			);
			defaultConfigurationIsVisible = 0;
			defaultConfigurationName = Release;
		};
		33758E8C2D9EEDB000F6FB0C /* Build configuration list for PBXNativeTarget "ToDoListAppUITests" */ = {
			isa = XCConfigurationList;
			buildConfigurations = (
				33758E8D2D9EEDB000F6FB0C /* Debug */,
				33758E8E2D9EEDB000F6FB0C /* Release */,
			);
			defaultConfigurationIsVisible = 0;
			defaultConfigurationName = Release;
		};
/* End XCConfigurationList section */

/* Begin XCRemoteSwiftPackageReference section */
		33B8D33C2DA08A7A0095D8C6 /* XCRemoteSwiftPackageReference "firebase-ios-sdk" */ = {
			isa = XCRemoteSwiftPackageReference;
			repositoryURL = "https://github.com/firebase/firebase-ios-sdk.git";
			requirement = {
				kind = upToNextMajorVersion;
				minimumVersion = 11.11.0;
			};
		};
/* End XCRemoteSwiftPackageReference section */

/* Begin XCSwiftPackageProductDependency section */
		33B8D33D2DA08A7A0095D8C6 /* FirebaseAuth */ = {
			isa = XCSwiftPackageProductDependency;
			package = 33B8D33C2DA08A7A0095D8C6 /* XCRemoteSwiftPackageReference "firebase-ios-sdk" */;
			productName = FirebaseAuth;
		};
		33B8D33F2DA08A7A0095D8C6 /* FirebaseFirestore */ = {
			isa = XCSwiftPackageProductDependency;
			package = 33B8D33C2DA08A7A0095D8C6 /* XCRemoteSwiftPackageReference "firebase-ios-sdk" */;
			productName = FirebaseFirestore;
		};
/* End XCSwiftPackageProductDependency section */
	};
	rootObject = 33758E5A2D9EEDAF00F6FB0C /* Project object */;
}
